
Microsoft Visual Studio Solution File, Format Version 12.00
# Visual Studio Version 16
VisualStudioVersion = 16.0.31729.503
MinimumVisualStudioVersion = 10.0.40219.1
Project("{FAE04EC0-301F-11D3-BF4B-00C04F79EFBC}") = "TestAzureDeploy", "TestAzureDeploy\TestAzureDeploy.csproj", "{7BD9549C-F68A-458C-98F5-C496999C896B}"
EndProject
Global
	GlobalSection(SolutionConfigurationPlatforms) = preSolution
		Debug|Any CPU = Debug|Any CPU
		Release|Any CPU = Release|Any CPU
	EndGlobalSection
	GlobalSection(ProjectConfigurationPlatforms) = postSolution
		{7BD9549C-F68A-458C-98F5-C496999C896B}.Debug|Any CPU.ActiveCfg = Debug|Any CPU
		{7BD9549C-F68A-458C-98F5-C496999C896B}.Debug|Any CPU.Build.0 = Debug|Any CPU
		{7BD9549C-F68A-458C-98F5-C496999C896B}.Release|Any CPU.ActiveCfg = Release|Any CPU
		{7BD9549C-F68A-458C-98F5-C496999C896B}.Release|Any CPU.Build.0 = Release|Any CPU
	EndGlobalSection
	GlobalSection(SolutionProperties) = preSolution
		HideSolutionNode = FALSE
	EndGlobalSection
	GlobalSection(ExtensibilityGlobals) = postSolution
		SolutionGuid = {5B82A1C7-8226-46BB-BB25-6B57985C716B}
	EndGlobalSection
EndGlobal
