
Microsoft Visual Studio Solution File, Format Version 12.00
# Visual Studio Version 16
VisualStudioVersion = 16.0.31729.503
MinimumVisualStudioVersion = 10.0.40219.1
Project("{FAE04EC0-301F-11D3-BF4B-00C04F79EFBC}") = "SR2DotNetClient", "SR2DotNetClient\SR2DotNetClient.csproj", "{9372FBA7-607C-47D8-9768-3EFC052FC27F}"
EndProject
Global
	GlobalSection(SolutionConfigurationPlatforms) = preSolution
		Debug|Any CPU = Debug|Any CPU
		Release|Any CPU = Release|Any CPU
	EndGlobalSection
	GlobalSection(ProjectConfigurationPlatforms) = postSolution
		{9372FBA7-607C-47D8-9768-3EFC052FC27F}.Debug|Any CPU.ActiveCfg = Debug|Any CPU
		{9372FBA7-607C-47D8-9768-3EFC052FC27F}.Debug|Any CPU.Build.0 = Debug|Any CPU
		{9372FBA7-607C-47D8-9768-3EFC052FC27F}.Release|Any CPU.ActiveCfg = Release|Any CPU
		{9372FBA7-607C-47D8-9768-3EFC052FC27F}.Release|Any CPU.Build.0 = Release|Any CPU
	EndGlobalSection
	GlobalSection(SolutionProperties) = preSolution
		HideSolutionNode = FALSE
	EndGlobalSection
	GlobalSection(ExtensibilityGlobals) = postSolution
		SolutionGuid = {0032370D-93F9-40C2-A0C6-270EF3C62254}
	EndGlobalSection
EndGlobal
